{
  "name": "devsecops-lab",
  "lockfileVersion": 3,
  "requires": true,
  "packages": {
    "": {
      "dependencies": {
        "sca": "^0.0.1"
      }
    },
    "node_modules/sca": {
      "version": "0.0.1",
      "resolved": "https://registry.npmjs.org/sca/-/sca-0.0.1.tgz",
      "integrity": "sha512-eyZtEtURMDzZj0dLwh7ssww8dTRhRAn+SSAWQW3EGtL799UTVwwuSZT2FXmqhA3g3W3LDX4tN+33wwPMR9klhA=="
    }
  }
}
